{
  "name": "app",
  "version": "1.0.0",
  "lockfileVersion": 1,
  "requires": true,
  "dependencies": {
    "async": {
      "version": "0.8.0",
      "resolved": "https://registry.npmjs.org/async/-/async-0.8.0.tgz",
      "integrity": "sha1-7mXsdymML/FFa8RBigUtDwZDURI="
    },
    "bassmaster": {
      "version": "1.5.1",
      "resolved": "https://registry.npmjs.org/bassmaster/-/bassmaster-1.5.1.tgz",
      "integrity": "sha1-eGIrSv3A0SUzz3KK95/R7OGeJQY=",
      "requires": {
        "async": "0.8.0",
        "boom": "2.10.1",
        "hoek": "2.16.3"
      }
    },
    "boom": {
      "version": "2.10.1",
      "resolved": "https://registry.npmjs.org/boom/-/boom-2.10.1.tgz",
      "integrity": "sha1-OciRjO/1eZ+D+UkqhI9iWt0Mdm8=",
      "requires": {
        "hoek": "2.16.3"
      }
    },
    "hapi": {
      "version": "12.1.0",
      "resolved": "https://registry.npmjs.org/hapi/-/hapi-12.1.0.tgz",
      "integrity": "sha1-mTLGMwDSR6ksrsEgqp+rcqQSSPE=",
      "requires": {
        "accept": "2.1.0",
        "ammo": "2.0.0",
        "boom": "3.1.1",
        "call": "3.0.0",
        "catbox": "7.1.0",
        "catbox-memory": "2.0.1",
        "cryptiles": "3.0.0",
        "heavy": "4.0.0",
        "hoek": "3.0.4",
        "iron": "3.0.1",
        "items": "2.0.0",
        "joi": "7.1.0",
        "kilt": "2.0.0",
        "mimos": "3.0.0",
        "peekaboo": "2.0.0",
        "shot": "3.0.0",
        "statehood": "3.1.0",
        "subtext": "4.0.0",
        "topo": "2.0.0"
      },
      "dependencies": {
        "accept": {
          "version": "2.1.0",
          "resolved": "https://registry.npmjs.org/accept/-/accept-2.1.0.tgz",
          "integrity": "sha1-VXac/1giuB2mTfZtKgkZkVd3beg=",
          "requires": {
            "boom": "3.1.1",
            "hoek": "3.0.4"
          }
        },
        "ammo": {
          "version": "2.0.0",
          "resolved": "https://registry.npmjs.org/ammo/-/ammo-2.0.0.tgz",
          "integrity": "sha1-FNvfwfti19gmAgbTfkghkmXSS+g=",
          "requires": {
            "boom": "3.1.1",
            "hoek": "3.0.4"
          }
        },
        "boom": {
          "version": "3.1.1",
          "resolved": "https://registry.npmjs.org/boom/-/boom-3.1.1.tgz",
          "integrity": "sha1-tkJPAe2NSSsrEq6GBHwk6LanyTc=",
          "requires": {
            "hoek": "3.0.4"
          }
        },
        "call": {
          "version": "3.0.0",
          "resolved": "https://registry.npmjs.org/call/-/call-3.0.0.tgz",
          "integrity": "sha1-6VTpAzInH3qxJgtN4BjWjq+z8BE=",
          "requires": {
            "boom": "3.1.1",
            "hoek": "3.0.4"
          }
        },
        "catbox": {
          "version": "7.1.0",
          "resolved": "https://registry.npmjs.org/catbox/-/catbox-7.1.0.tgz",
          "integrity": "sha1-Fpo+9ol3Pb9HHI2IEeslGm3ss/Q=",
          "requires": {
            "boom": "3.1.1",
            "hoek": "3.0.4",
            "joi": "7.1.0"
          }
        },
        "catbox-memory": {
          "version": "2.0.1",
          "resolved": "https://registry.npmjs.org/catbox-memory/-/catbox-memory-2.0.1.tgz",
          "integrity": "sha1-vfxec2RI/hbA/5FCfU2xGsNNk5Y=",
          "requires": {
            "hoek": "3.0.4"
          }
        },
        "cryptiles": {
          "version": "3.0.0",
          "resolved": "https://registry.npmjs.org/cryptiles/-/cryptiles-3.0.0.tgz",
          "integrity": "sha1-4Uj7j2ZqhxKEPd9lwZZ2nR44eQw=",
          "requires": {
            "boom": "3.1.1"
          }
        },
        "heavy": {
          "version": "4.0.0",
          "resolved": "https://registry.npmjs.org/heavy/-/heavy-4.0.0.tgz",
          "integrity": "sha1-ffqckK80PxaAaoxIootJmiPexHE=",
          "requires": {
            "boom": "3.1.1",
            "hoek": "3.0.4",
            "joi": "7.1.0"
          }
        },
        "hoek": {
          "version": "3.0.4",
          "resolved": "https://registry.npmjs.org/hoek/-/hoek-3.0.4.tgz",
          "integrity": "sha1-Jorf9mu2aVxptHiaiLHghHw/MSM="
        },
        "iron": {
          "version": "3.0.1",
          "resolved": "https://registry.npmjs.org/iron/-/iron-3.0.1.tgz",
          "integrity": "sha1-PdOxAKch0VubewM6DPTB4yZgPNM=",
          "requires": {
            "boom": "3.1.1",
            "cryptiles": "3.0.0",
            "hoek": "3.0.4"
          }
        },
        "items": {
          "version": "2.0.0",
          "resolved": "https://registry.npmjs.org/items/-/items-2.0.0.tgz",
          "integrity": "sha1-0Uqxfgyce47mk3dT07mlbgjUrXo="
        },
        "joi": {
          "version": "7.1.0",
          "resolved": "https://registry.npmjs.org/joi/-/joi-7.1.0.tgz",
          "integrity": "sha1-21zpX8UJ9cFI/5BY6mOck0lF2T0=",
          "requires": {
            "hoek": "3.0.4",
            "isemail": "2.1.0",
            "moment": "2.11.0",
            "topo": "2.0.0"
          },
          "dependencies": {
            "isemail": {
              "version": "2.1.0",
              "resolved": "https://registry.npmjs.org/isemail/-/isemail-2.1.0.tgz",
              "integrity": "sha1-f1Qz5GnYj0b7gfg/USDzbfA44v8="
            },
            "moment": {
              "version": "2.11.0",
              "resolved": "https://registry.npmjs.org/moment/-/moment-2.11.0.tgz",
              "integrity": "sha1-WE9fuHwfY38Sk37c4Sfd4tIG1wU="
            }
          }
        },
        "kilt": {
          "version": "2.0.0",
          "resolved": "https://registry.npmjs.org/kilt/-/kilt-2.0.0.tgz",
          "integrity": "sha1-igb2YkoUhHRBwQLDsS6e8Gr13fI=",
          "requires": {
            "hoek": "3.0.4"
          }
        },
        "mimos": {
          "version": "3.0.0",
          "resolved": "https://registry.npmjs.org/mimos/-/mimos-3.0.0.tgz",
          "integrity": "sha1-SygG4SXbvfcdmyzZ8LO0VsQDyCE=",
          "requires": {
            "hoek": "3.0.4",
            "mime-db": "1.20.0"
          },
          "dependencies": {
            "mime-db": {
              "version": "1.20.0",
              "resolved": "https://registry.npmjs.org/mime-db/-/mime-db-1.20.0.tgz",
              "integrity": "sha1-SW+Q/QH+DgMciCPsOqlFD/2hjtg="
            }
          }
        },
        "peekaboo": {
          "version": "2.0.0",
          "resolved": "https://registry.npmjs.org/peekaboo/-/peekaboo-2.0.0.tgz",
          "integrity": "sha1-ilS71o7esMtbMUSZHhU10tSS3Jc="
        },
        "shot": {
          "version": "3.0.0",
          "resolved": "https://registry.npmjs.org/shot/-/shot-3.0.0.tgz",
          "integrity": "sha1-jylyuCPEFdQMeCFiPFmfy2KCZn4=",
          "requires": {
            "hoek": "3.0.4"
          }
        },
        "statehood": {
          "version": "3.1.0",
          "resolved": "https://registry.npmjs.org/statehood/-/statehood-3.1.0.tgz",
          "integrity": "sha1-E9uMEXCnJoMa/qMBbP8TlIvo8qA=",
          "requires": {
            "boom": "3.1.1",
            "cryptiles": "3.0.0",
            "hoek": "3.0.4",
            "iron": "3.0.1",
            "items": "2.0.0",
            "joi": "7.1.0"
          }
        },
        "subtext": {
          "version": "4.0.0",
          "resolved": "https://registry.npmjs.org/subtext/-/subtext-4.0.0.tgz",
          "integrity": "sha1-+tdpXdgv3wuApr8jVRIHcZu5Xrg=",
          "requires": {
            "boom": "3.1.1",
            "content": "3.0.0",
            "hoek": "3.0.4",
            "pez": "2.0.1",
            "wreck": "7.0.0"
          },
          "dependencies": {
            "content": {
              "version": "3.0.0",
              "resolved": "https://registry.npmjs.org/content/-/content-3.0.0.tgz",
              "integrity": "sha1-+xpmghRxLKPdGKTsuw9f5x+35s0=",
              "requires": {
                "boom": "3.1.1"
              }
            },
            "pez": {
              "version": "2.0.1",
              "resolved": "https://registry.npmjs.org/pez/-/pez-2.0.1.tgz",
              "integrity": "sha1-WAV4vrF/GU03y4dN+8aHzM3omxE=",
              "requires": {
                "b64": "3.0.0",
                "boom": "3.1.1",
                "content": "3.0.0",
                "hoek": "3.0.4",
                "nigel": "2.0.0"
              },
              "dependencies": {
                "b64": {
                  "version": "3.0.0",
                  "resolved": "https://registry.npmjs.org/b64/-/b64-3.0.0.tgz",
                  "integrity": "sha1-MrMhzdoLmzEMdi05OrqSAdjk8hc=",
                  "requires": {
                    "hoek": "3.0.4"
                  }
                },
                "nigel": {
                  "version": "2.0.0",
                  "resolved": "https://registry.npmjs.org/nigel/-/nigel-2.0.0.tgz",
                  "integrity": "sha1-4lEYegUz6ufIIy99ejhlrkdorWk=",
                  "requires": {
                    "hoek": "3.0.4",
                    "vise": "2.0.0"
                  },
                  "dependencies": {
                    "vise": {
                      "version": "2.0.0",
                      "resolved": "https://registry.npmjs.org/vise/-/vise-2.0.0.tgz",
                      "integrity": "sha1-eNaLZOdJXqWYqcJMby4GLk1XldY=",
                      "requires": {
                        "hoek": "3.0.4"
                      }
                    }
                  }
                }
              }
            },
            "wreck": {
              "version": "7.0.0",
              "resolved": "https://registry.npmjs.org/wreck/-/wreck-7.0.0.tgz",
              "integrity": "sha1-jtUr2MIN4dApRr2QeP3LPEh6Gho=",
              "requires": {
                "boom": "3.1.1",
                "hoek": "3.0.4"
              }
            }
          }
        },
        "topo": {
          "version": "2.0.0",
          "resolved": "https://registry.npmjs.org/topo/-/topo-2.0.0.tgz",
          "integrity": "sha1-MVya7bhoytW2FhWWPJ/Qm+kSwe0=",
          "requires": {
            "hoek": "3.0.4"
          }
        }
      }
    },
    "hoek": {
      "version": "2.16.3",
      "resolved": "https://registry.npmjs.org/hoek/-/hoek-2.16.3.tgz",
      "integrity": "sha1-ILt0A9POo5jpHcRxCo/xuCdKJe0="
    }
  }
}
